// !$*UTF8*$!
{
	archiveVersion = 1;
	classes = {
	};
	objectVersion = 46;
	objects = {

/* Begin PBXBuildFile section */
		DB407DCE1C501C5800F86A7C /* main.m in Sources */ = {isa = PBXBuildFile; fileRef = DB407DCD1C501C5800F86A7C /* main.m */; };
		DB407DD11C501C5800F86A7C /* AppDelegate.m in Sources */ = {isa = PBXBuildFile; fileRef = DB407DD01C501C5800F86A7C /* AppDelegate.m */; };
		DB407DD41C501C5800F86A7C /* ViewController.m in Sources */ = {isa = PBXBuildFile; fileRef = DB407DD31C501C5800F86A7C /* ViewController.m */; };
		DB407DD71C501C5800F86A7C /* Main.storyboard in Resources */ = {isa = PBXBuildFile; fileRef = DB407DD51C501C5800F86A7C /* Main.storyboard */; };
		DB407DD91C501C5800F86A7C /* Assets.xcassets in Resources */ = {isa = PBXBuildFile; fileRef = DB407DD81C501C5800F86A7C /* Assets.xcassets */; };
		DB407DDC1C501C5800F86A7C /* LaunchScreen.storyboard in Resources */ = {isa = PBXBuildFile; fileRef = DB407DDA1C501C5800F86A7C /* LaunchScreen.storyboard */; };
		DB407DEB1C5027DC00F86A7C /* Picture.m in Sources */ = {isa = PBXBuildFile; fileRef = DB407DEA1C5027DC00F86A7C /* Picture.m */; };
		DB407DF11C50302800F86A7C /* PictureCollectionViewCell.m in Sources */ = {isa = PBXBuildFile; fileRef = DB407DF01C50302800F86A7C /* PictureCollectionViewCell.m */; };
		DB407DF31C5034DA00F86A7C /* CustomizationView.xib in Resources */ = {isa = PBXBuildFile; fileRef = DB407DF21C5034DA00F86A7C /* CustomizationView.xib */; };
		DB407DF61C50382D00F86A7C /* CustomizationView.m in Sources */ = {isa = PBXBuildFile; fileRef = DB407DF51C50382D00F86A7C /* CustomizationView.m */; };
/* End PBXBuildFile section */

/* Begin PBXFileReference section */
		DB407DC91C501C5800F86A7C /* HallOfFrames.app */ = {isa = PBXFileReference; explicitFileType = wrapper.application; includeInIndex = 0; path = HallOfFrames.app; sourceTree = BUILT_PRODUCTS_DIR; };
		DB407DCD1C501C5800F86A7C /* main.m */ = {isa = PBXFileReference; lastKnownFileType = sourcecode.c.objc; path = main.m; sourceTree = "<group>"; };
		DB407DCF1C501C5800F86A7C /* AppDelegate.h */ = {isa = PBXFileReference; lastKnownFileType = sourcecode.c.h; path = AppDelegate.h; sourceTree = "<group>"; };
		DB407DD01C501C5800F86A7C /* AppDelegate.m */ = {isa = PBXFileReference; lastKnownFileType = sourcecode.c.objc; path = AppDelegate.m; sourceTree = "<group>"; };
		DB407DD21C501C5800F86A7C /* ViewController.h */ = {isa = PBXFileReference; lastKnownFileType = sourcecode.c.h; path = ViewController.h; sourceTree = "<group>"; };
		DB407DD31C501C5800F86A7C /* ViewController.m */ = {isa = PBXFileReference; lastKnownFileType = sourcecode.c.objc; path = ViewController.m; sourceTree = "<group>"; };
		DB407DD61C501C5800F86A7C /* Base */ = {isa = PBXFileReference; lastKnownFileType = file.storyboard; name = Base; path = Base.lproj/Main.storyboard; sourceTree = "<group>"; };
		DB407DD81C501C5800F86A7C /* Assets.xcassets */ = {isa = PBXFileReference; lastKnownFileType = folder.assetcatalog; path = Assets.xcassets; sourceTree = "<group>"; };
		DB407DDB1C501C5800F86A7C /* Base */ = {isa = PBXFileReference; lastKnownFileType = file.storyboard; name = Base; path = Base.lproj/LaunchScreen.storyboard; sourceTree = "<group>"; };
		DB407DDD1C501C5800F86A7C /* Info.plist */ = {isa = PBXFileReference; lastKnownFileType = text.plist.xml; path = Info.plist; sourceTree = "<group>"; };
		DB407DE91C5027DC00F86A7C /* Picture.h */ = {isa = PBXFileReference; fileEncoding = 4; lastKnownFileType = sourcecode.c.h; path = Picture.h; sourceTree = "<group>"; };
		DB407DEA1C5027DC00F86A7C /* Picture.m */ = {isa = PBXFileReference; fileEncoding = 4; lastKnownFileType = sourcecode.c.objc; path = Picture.m; sourceTree = "<group>"; };
		DB407DEF1C50302800F86A7C /* PictureCollectionViewCell.h */ = {isa = PBXFileReference; fileEncoding = 4; lastKnownFileType = sourcecode.c.h; path = PictureCollectionViewCell.h; sourceTree = "<group>"; };
		DB407DF01C50302800F86A7C /* PictureCollectionViewCell.m */ = {isa = PBXFileReference; fileEncoding = 4; lastKnownFileType = sourcecode.c.objc; path = PictureCollectionViewCell.m; sourceTree = "<group>"; };
		DB407DF21C5034DA00F86A7C /* CustomizationView.xib */ = {isa = PBXFileReference; fileEncoding = 4; lastKnownFileType = file.xib; path = CustomizationView.xib; sourceTree = "<group>"; };
		DB407DF41C50382D00F86A7C /* CustomizationView.h */ = {isa = PBXFileReference; fileEncoding = 4; lastKnownFileType = sourcecode.c.h; path = CustomizationView.h; sourceTree = "<group>"; };
		DB407DF51C50382D00F86A7C /* CustomizationView.m */ = {isa = PBXFileReference; fileEncoding = 4; lastKnownFileType = sourcecode.c.objc; path = CustomizationView.m; sourceTree = "<group>"; };
/* End PBXFileReference section */

/* Begin PBXFrameworksBuildPhase section */
		DB407DC61C501C5800F86A7C /* Frameworks */ = {
			isa = PBXFrameworksBuildPhase;
			buildActionMask = 2147483647;
			files = (
			);
			runOnlyForDeploymentPostprocessing = 0;
		};
/* End PBXFrameworksBuildPhase section */

/* Begin PBXGroup section */
		DB407DC01C501C5800F86A7C = {
			isa = PBXGroup;
			children = (
				DB407DCB1C501C5800F86A7C /* HallOfFrames */,
				DB407DCA1C501C5800F86A7C /* Products */,
			);
			sourceTree = "<group>";
		};
		DB407DCA1C501C5800F86A7C /* Products */ = {
			isa = PBXGroup;
			children = (
				DB407DC91C501C5800F86A7C /* HallOfFrames.app */,
			);
			name = Products;
			sourceTree = "<group>";
		};
		DB407DCB1C501C5800F86A7C /* HallOfFrames */ = {
			isa = PBXGroup;
			children = (
				DB407DCF1C501C5800F86A7C /* AppDelegate.h */,
				DB407DD01C501C5800F86A7C /* AppDelegate.m */,
				DB407DD21C501C5800F86A7C /* ViewController.h */,
				DB407DD31C501C5800F86A7C /* ViewController.m */,
				DB407DF21C5034DA00F86A7C /* CustomizationView.xib */,
				DB407DF41C50382D00F86A7C /* CustomizationView.h */,
				DB407DF51C50382D00F86A7C /* CustomizationView.m */,
				DB407DE91C5027DC00F86A7C /* Picture.h */,
				DB407DEA1C5027DC00F86A7C /* Picture.m */,
				DB407DD51C501C5800F86A7C /* Main.storyboard */,
				DB407DEF1C50302800F86A7C /* PictureCollectionViewCell.h */,
				DB407DF01C50302800F86A7C /* PictureCollectionViewCell.m */,
				DB407DD81C501C5800F86A7C /* Assets.xcassets */,
				DB407DDA1C501C5800F86A7C /* LaunchScreen.storyboard */,
				DB407DDD1C501C5800F86A7C /* Info.plist */,
				DB407DCC1C501C5800F86A7C /* Supporting Files */,
			);
			path = HallOfFrames;
			sourceTree = "<group>";
		};
		DB407DCC1C501C5800F86A7C /* Supporting Files */ = {
			isa = PBXGroup;
			children = (
				DB407DCD1C501C5800F86A7C /* main.m */,
			);
			name = "Supporting Files";
			sourceTree = "<group>";
		};
/* End PBXGroup section */

/* Begin PBXNativeTarget section */
		DB407DC81C501C5800F86A7C /* HallOfFrames */ = {
			isa = PBXNativeTarget;
			buildConfigurationList = DB407DE01C501C5900F86A7C /* Build configuration list for PBXNativeTarget "HallOfFrames" */;
			buildPhases = (
				DB407DC51C501C5800F86A7C /* Sources */,
				DB407DC61C501C5800F86A7C /* Frameworks */,
				DB407DC71C501C5800F86A7C /* Resources */,
			);
			buildRules = (
			);
			dependencies = (
			);
			name = HallOfFrames;
			productName = HallOfFrames;
			productReference = DB407DC91C501C5800F86A7C /* HallOfFrames.app */;
			productType = "com.apple.product-type.application";
		};
/* End PBXNativeTarget section */

/* Begin PBXProject section */
		DB407DC11C501C5800F86A7C /* Project object */ = {
			isa = PBXProject;
			attributes = {
				LastUpgradeCheck = 0720;
				ORGANIZATIONNAME = "Yemi Ajibola";
				TargetAttributes = {
					DB407DC81C501C5800F86A7C = {
						CreatedOnToolsVersion = 7.2;
						DevelopmentTeam = 767ELXNDQ9;
					};
				};
			};
			buildConfigurationList = DB407DC41C501C5800F86A7C /* Build configuration list for PBXProject "HallOfFrames" */;
			compatibilityVersion = "Xcode 3.2";
			developmentRegion = English;
			hasScannedForEncodings = 0;
			knownRegions = (
				en,
				Base,
			);
			mainGroup = DB407DC01C501C5800F86A7C;
			productRefGroup = DB407DCA1C501C5800F86A7C /* Products */;
			projectDirPath = "";
			projectRoot = "";
			targets = (
				DB407DC81C501C5800F86A7C /* HallOfFrames */,
			);
		};
/* End PBXProject section */

/* Begin PBXResourcesBuildPhase section */
		DB407DC71C501C5800F86A7C /* Resources */ = {
			isa = PBXResourcesBuildPhase;
			buildActionMask = 2147483647;
			files = (
				DB407DDC1C501C5800F86A7C /* LaunchScreen.storyboard in Resources */,
				DB407DD91C501C5800F86A7C /* Assets.xcassets in Resources */,
				DB407DF31C5034DA00F86A7C /* CustomizationView.xib in Resources */,
				DB407DD71C501C5800F86A7C /* Main.storyboard in Resources */,
			);
			runOnlyForDeploymentPostprocessing = 0;
		};
/* End PBXResourcesBuildPhase section */

/* Begin PBXSourcesBuildPhase section */
		DB407DC51C501C5800F86A7C /* Sources */ = {
			isa = PBXSourcesBuildPhase;
			buildActionMask = 2147483647;
			files = (
				DB407DEB1C5027DC00F86A7C /* Picture.m in Sources */,
				DB407DF11C50302800F86A7C /* PictureCollectionViewCell.m in Sources */,
				DB407DD41C501C5800F86A7C /* ViewController.m in Sources */,
				DB407DD11C501C5800F86A7C /* AppDelegate.m in Sources */,
				DB407DF61C50382D00F86A7C /* CustomizationView.m in Sources */,
				DB407DCE1C501C5800F86A7C /* main.m in Sources */,
			);
			runOnlyForDeploymentPostprocessing = 0;
		};
/* End PBXSourcesBuildPhase section */

/* Begin PBXVariantGroup section */
		DB407DD51C501C5800F86A7C /* Main.storyboard */ = {
			isa = PBXVariantGroup;
			children = (
				DB407DD61C501C5800F86A7C /* Base */,
			);
			name = Main.storyboard;
			sourceTree = "<group>";
		};
		DB407DDA1C501C5800F86A7C /* LaunchScreen.storyboard */ = {
			isa = PBXVariantGroup;
			children = (
				DB407DDB1C501C5800F86A7C /* Base */,
			);
			name = LaunchScreen.storyboard;
			sourceTree = "<group>";
		};
/* End PBXVariantGroup section */

/* Begin XCBuildConfiguration section */
		DB407DDE1C501C5900F86A7C /* Debug */ = {
			isa = XCBuildConfiguration;
			buildSettings = {
				ALWAYS_SEARCH_USER_PATHS = NO;
				CLANG_CXX_LANGUAGE_STANDARD = "gnu++0x";
				CLANG_CXX_LIBRARY = "libc++";
				CLANG_ENABLE_MODULES = YES;
				CLANG_ENABLE_OBJC_ARC = YES;
				CLANG_WARN_BOOL_CONVERSION = YES;
				CLANG_WARN_CONSTANT_CONVERSION = YES;
				CLANG_WARN_DIRECT_OBJC_ISA_USAGE = YES_ERROR;
				CLANG_WARN_EMPTY_BODY = YES;
				CLANG_WARN_ENUM_CONVERSION = YES;
				CLANG_WARN_INT_CONVERSION = YES;
				CLANG_WARN_OBJC_ROOT_CLASS = YES_ERROR;
				CLANG_WARN_UNREACHABLE_CODE = YES;
				CLANG_WARN__DUPLICATE_METHOD_MATCH = YES;
				"CODE_SIGN_IDENTITY[sdk=iphoneos*]" = "iPhone Developer";
				COPY_PHASE_STRIP = NO;
				DEBUG_INFORMATION_FORMAT = dwarf;
				ENABLE_STRICT_OBJC_MSGSEND = YES;
				ENABLE_TESTABILITY = YES;
				GCC_C_LANGUAGE_STANDARD = gnu99;
				GCC_DYNAMIC_NO_PIC = NO;
				GCC_NO_COMMON_BLOCKS = YES;
				GCC_OPTIMIZATION_LEVEL = 0;
				GCC_PREPROCESSOR_DEFINITIONS = (
					"DEBUG=1",
					"$(inherited)",
				);
				GCC_WARN_64_TO_32_BIT_CONVERSION = YES;
				GCC_WARN_ABOUT_RETURN_TYPE = YES_ERROR;
				GCC_WARN_UNDECLARED_SELECTOR = YES;
				GCC_WARN_UNINITIALIZED_AUTOS = YES_AGGRESSIVE;
				GCC_WARN_UNUSED_FUNCTION = YES;
				GCC_WARN_UNUSED_VARIABLE = YES;
				IPHONEOS_DEPLOYMENT_TARGET = 9.2;
				MTL_ENABLE_DEBUG_INFO = YES;
				ONLY_ACTIVE_ARCH = YES;
				SDKROOT = iphoneos;
			};
			name = Debug;
		};
		DB407DDF1C501C5900F86A7C /* Release */ = {
			isa = XCBuildConfiguration;
			buildSettings = {
				ALWAYS_SEARCH_USER_PATHS = NO;
				CLANG_CXX_LANGUAGE_STANDARD = "gnu++0x";
				CLANG_CXX_LIBRARY = "libc++";
				CLANG_ENABLE_MODULES = YES;
				CLANG_ENABLE_OBJC_ARC = YES;
				CLANG_WARN_BOOL_CONVERSION = YES;
				CLANG_WARN_CONSTANT_CONVERSION = YES;
				CLANG_WARN_DIRECT_OBJC_ISA_USAGE = YES_ERROR;
				CLANG_WARN_EMPTY_BODY = YES;
				CLANG_WARN_ENUM_CONVERSION = YES;
				CLANG_WARN_INT_CONVERSION = YES;
				CLANG_WARN_OBJC_ROOT_CLASS = YES_ERROR;
				CLANG_WARN_UNREACHABLE_CODE = YES;
				CLANG_WARN__DUPLICATE_METHOD_MATCH = YES;
				"CODE_SIGN_IDENTITY[sdk=iphoneos*]" = "iPhone Developer";
				COPY_PHASE_STRIP = NO;
				DEBUG_INFORMATION_FORMAT = "dwarf-with-dsym";
				ENABLE_NS_ASSERTIONS = NO;
				ENABLE_STRICT_OBJC_MSGSEND = YES;
				GCC_C_LANGUAGE_STANDARD = gnu99;
				GCC_NO_COMMON_BLOCKS = YES;
				GCC_WARN_64_TO_32_BIT_CONVERSION = YES;
				GCC_WARN_ABOUT_RETURN_TYPE = YES_ERROR;
				GCC_WARN_UNDECLARED_SELECTOR = YES;
				GCC_WARN_UNINITIALIZED_AUTOS = YES_AGGRESSIVE;
				GCC_WARN_UNUSED_FUNCTION = YES;
				GCC_WARN_UNUSED_VARIABLE = YES;
				IPHONEOS_DEPLOYMENT_TARGET = 9.2;
				MTL_ENABLE_DEBUG_INFO = NO;
				SDKROOT = iphoneos;
				VALIDATE_PRODUCT = YES;
			};
			name = Release;
		};
		DB407DE11C501C5900F86A7C /* Debug */ = {
			isa = XCBuildConfiguration;
			buildSettings = {
				ASSETCATALOG_COMPILER_APPICON_NAME = AppIcon;
				INFOPLIST_FILE = HallOfFrames/Info.plist;
				LD_RUNPATH_SEARCH_PATHS = "$(inherited) @executable_path/Frameworks";
				PRODUCT_BUNDLE_IDENTIFIER = com.YemiAjibola.HallOfFrames;
				PRODUCT_NAME = "$(TARGET_NAME)";
			};
			name = Debug;
		};
		DB407DE21C501C5900F86A7C /* Release */ = {
			isa = XCBuildConfiguration;
			buildSettings = {
				ASSETCATALOG_COMPILER_APPICON_NAME = AppIcon;
				INFOPLIST_FILE = HallOfFrames/Info.plist;
				LD_RUNPATH_SEARCH_PATHS = "$(inherited) @executable_path/Frameworks";
				PRODUCT_BUNDLE_IDENTIFIER = com.YemiAjibola.HallOfFrames;
				PRODUCT_NAME = "$(TARGET_NAME)";
			};
			name = Release;
		};
/* End XCBuildConfiguration section */

/* Begin XCConfigurationList section */
		DB407DC41C501C5800F86A7C /* Build configuration list for PBXProject "HallOfFrames" */ = {
			isa = XCConfigurationList;
			buildConfigurations = (
				DB407DDE1C501C5900F86A7C /* Debug */,
				DB407DDF1C501C5900F86A7C /* Release */,
			);
			defaultConfigurationIsVisible = 0;
			defaultConfigurationName = Release;
		};
		DB407DE01C501C5900F86A7C /* Build configuration list for PBXNativeTarget "HallOfFrames" */ = {
			isa = XCConfigurationList;
			buildConfigurations = (
				DB407DE11C501C5900F86A7C /* Debug */,
				DB407DE21C501C5900F86A7C /* Release */,
			);
			defaultConfigurationIsVisible = 0;
			defaultConfigurationName = Release;
		};
/* End XCConfigurationList section */
	};
	rootObject = DB407DC11C501C5800F86A7C /* Project object */;
}
